
Microsoft Visual Studio Solution File, Format Version 12.00
# Visual Studio 15
VisualStudioVersion = 15.0.28307.1000
MinimumVisualStudioVersion = 10.0.40219.1
Project("{8BC9CEB8-8B4A-11D0-8D11-00A0C91BC942}") = "HelloApp", "HelloApp\HelloApp.vcxproj", "{FAD41465-5894-4A99-8897-2B771745411B}"
EndProject
Global
	GlobalSection(SolutionConfigurationPlatforms) = preSolution
		Debug|x64 = Debug|x64
		Debug|x86 = Debug|x86
		Release|x64 = Release|x64
		Release|x86 = Release|x86
	EndGlobalSection
	GlobalSection(ProjectConfigurationPlatforms) = postSolution
		{FAD41465-5894-4A99-8897-2B771745411B}.Debug|x64.ActiveCfg = Debug|x64
		{FAD41465-5894-4A99-8897-2B771745411B}.Debug|x64.Build.0 = Debug|x64
		{FAD41465-5894-4A99-8897-2B771745411B}.Debug|x86.ActiveCfg = Debug|Win32
		{FAD41465-5894-4A99-8897-2B771745411B}.Debug|x86.Build.0 = Debug|Win32
		{FAD41465-5894-4A99-8897-2B771745411B}.Release|x64.ActiveCfg = Release|x64
		{FAD41465-5894-4A99-8897-2B771745411B}.Release|x64.Build.0 = Release|x64
		{FAD41465-5894-4A99-8897-2B771745411B}.Release|x86.ActiveCfg = Release|Win32
		{FAD41465-5894-4A99-8897-2B771745411B}.Release|x86.Build.0 = Release|Win32
	EndGlobalSection
	GlobalSection(SolutionProperties) = preSolution
		HideSolutionNode = FALSE
	EndGlobalSection
	GlobalSection(ExtensibilityGlobals) = postSolution
		SolutionGuid = {54556E8E-04E9-4F63-B0E6-13EE115EE6DA}
	EndGlobalSection
EndGlobal
